<?xml version="1.0" encoding="utf-8"?>
<Project ToolsVersion="4.0" xmlns="http://schemas.microsoft.com/developer/msbuild/2003">
  <ItemGroup>
    <Filter Include="源文件">
      <UniqueIdentifier>{4FC737F1-C7A5-4376-A066-2A32D752A2FF}</UniqueIdentifier>
      <Extensions>cpp;c;cc;cxx;def;odl;idl;hpj;bat;asm;asmx</Extensions>
    </Filter>
    <Filter Include="头文件">
      <UniqueIdentifier>{93995380-89BD-4b04-88EB-625FBE52EBFB}</UniqueIdentifier>
      <Extensions>h;hh;hpp;hxx;hm;inl;inc;xsd</Extensions>
    </Filter>
    <Filter Include="资源文件">
      <UniqueIdentifier>{67DA6AB6-F800-4c08-8B7A-83BB121AAD01}</UniqueIdentifier>
      <Extensions>rc;ico;cur;bmp;dlg;rc2;rct;bin;rgs;gif;jpg;jpeg;jpe;resx;tiff;tif;png;wav;mfcribbon-ms</Extensions>
    </Filter>
    <Filter Include="头文件\renderer">
      <UniqueIdentifier>{78e14694-cdcf-4e66-a355-b46fe90446c3}</UniqueIdentifier>
    </Filter>
    <Filter Include="源文件\build">
      <UniqueIdentifier>{3eefff00-f7cb-4fbf-bd69-5c12ecea21fb}</UniqueIdentifier>
    </Filter>
    <Filter Include="头文件\preloader">
      <UniqueIdentifier>{87dd7ea7-00ae-45b6-b867-e86087642372}</UniqueIdentifier>
    </Filter>
  </ItemGroup>
  <ItemGroup>
    <ClInclude Include="stdafx.h">
      <Filter>头文件</Filter>
    </ClInclude>
    <ClInclude Include="targetver.h">
      <Filter>头文件</Filter>
    </ClInclude>
    <ClInclude Include="Object.h">
      <Filter>头文件\renderer</Filter>
    </ClInclude>
    <ClInclude Include="Vector2.h">
      <Filter>头文件\renderer</Filter>
    </ClInclude>
    <ClInclude Include="Scene.h">
      <Filter>头文件\renderer</Filter>
    </ClInclude>
    <ClInclude Include="resorceLoader.h">
      <Filter>头文件\preloader</Filter>
    </ClInclude>
    <ClInclude Include="mass.h">
      <Filter>头文件\renderer</Filter>
    </ClInclude>
  </ItemGroup>
  <ItemGroup>
    <ClCompile Include="stdafx.cpp">
      <Filter>源文件</Filter>
    </ClCompile>
    <ClCompile Include="MizuhaPiC.cpp">
      <Filter>源文件</Filter>
    </ClCompile>
    <ClCompile Include="Object.cpp">
      <Filter>源文件\build</Filter>
    </ClCompile>
    <ClCompile Include="Vector2.cpp">
      <Filter>源文件\build</Filter>
    </ClCompile>
    <ClCompile Include="resorceLoader.cpp">
      <Filter>源文件\build</Filter>
    </ClCompile>
    <ClCompile Include="Scene.cpp">
      <Filter>源文件\build</Filter>
    </ClCompile>
    <ClCompile Include="mass.cpp">
      <Filter>源文件\build</Filter>
    </ClCompile>
    <ClCompile Include="Pixe.cpp">
      <Filter>源文件\build</Filter>
    </ClCompile>
  </ItemGroup>
  <ItemGroup>
    <None Include="README.md" />
  </ItemGroup>
</Project>